
Microsoft Visual Studio Solution File, Format Version 12.00
# Visual Studio 15
Project("{FAE04EC0-301F-11D3-BF4B-00C04F79EFBC}") = "Assembly-CSharp", "Assembly-CSharp.csproj", "{CBBF5F7D-F8D4-4CD8-FFEA-6774DB161E6F}"
EndProject
Project("{FAE04EC0-301F-11D3-BF4B-00C04F79EFBC}") = "Assembly-CSharp-Editor", "Assembly-CSharp-Editor.csproj", "{502726B7-EFEC-458C-9C98-E9529FCDA814}"
EndProject
Project("{FAE04EC0-301F-11D3-BF4B-00C04F79EFBC}") = "Settings", "Settings.csproj", "{6EE29103-3C18-4821-D32D-4A3E73576748}"
EndProject
Global
	GlobalSection(SolutionConfigurationPlatforms) = preSolution
		Debug|Any CPU = Debug|Any CPU
		Release|Any CPU = Release|Any CPU
	EndGlobalSection
	GlobalSection(ProjectConfigurationPlatforms) = postSolution
		{CBBF5F7D-F8D4-4CD8-FFEA-6774DB161E6F}.Debug|Any CPU.ActiveCfg = Debug|Any CPU
		{CBBF5F7D-F8D4-4CD8-FFEA-6774DB161E6F}.Debug|Any CPU.Build.0 = Debug|Any CPU
		{CBBF5F7D-F8D4-4CD8-FFEA-6774DB161E6F}.Release|Any CPU.ActiveCfg = Release|Any CPU
		{CBBF5F7D-F8D4-4CD8-FFEA-6774DB161E6F}.Release|Any CPU.Build.0 = Release|Any CPU
		{502726B7-EFEC-458C-9C98-E9529FCDA814}.Debug|Any CPU.ActiveCfg = Debug|Any CPU
		{502726B7-EFEC-458C-9C98-E9529FCDA814}.Debug|Any CPU.Build.0 = Debug|Any CPU
		{502726B7-EFEC-458C-9C98-E9529FCDA814}.Release|Any CPU.ActiveCfg = Release|Any CPU
		{502726B7-EFEC-458C-9C98-E9529FCDA814}.Release|Any CPU.Build.0 = Release|Any CPU
		{6EE29103-3C18-4821-D32D-4A3E73576748}.Debug|Any CPU.ActiveCfg = Debug|Any CPU
		{6EE29103-3C18-4821-D32D-4A3E73576748}.Debug|Any CPU.Build.0 = Debug|Any CPU
		{6EE29103-3C18-4821-D32D-4A3E73576748}.Release|Any CPU.ActiveCfg = Release|Any CPU
		{6EE29103-3C18-4821-D32D-4A3E73576748}.Release|Any CPU.Build.0 = Release|Any CPU
	EndGlobalSection
	GlobalSection(SolutionProperties) = preSolution
		HideSolutionNode = FALSE
	EndGlobalSection
EndGlobal
